
Microsoft Visual Studio Solution File, Format Version 12.00
# Visual Studio Version 17
VisualStudioVersion = 17.13.35825.156 d17.13
MinimumVisualStudioVersion = 10.0.40219.1
Project("{FAE04EC0-301F-11D3-BF4B-00C04F79EFBC}") = "ASPWebSite", "ASPWebSite.csproj", "{1D5EEC45-9417-4BC6-B5C8-79F8BD1E6636}"
EndProject
Global
	GlobalSection(SolutionConfigurationPlatforms) = preSolution
		Debug|Any CPU = Debug|Any CPU
		Release|Any CPU = Release|Any CPU
	EndGlobalSection
	GlobalSection(ProjectConfigurationPlatforms) = postSolution
		{1D5EEC45-9417-4BC6-B5C8-79F8BD1E6636}.Debug|Any CPU.ActiveCfg = Debug|Any CPU
		{1D5EEC45-9417-4BC6-B5C8-79F8BD1E6636}.Debug|Any CPU.Build.0 = Debug|Any CPU
		{1D5EEC45-9417-4BC6-B5C8-79F8BD1E6636}.Release|Any CPU.ActiveCfg = Release|Any CPU
		{1D5EEC45-9417-4BC6-B5C8-79F8BD1E6636}.Release|Any CPU.Build.0 = Release|Any CPU
	EndGlobalSection
	GlobalSection(SolutionProperties) = preSolution
		HideSolutionNode = FALSE
	EndGlobalSection
	GlobalSection(ExtensibilityGlobals) = postSolution
		SolutionGuid = {E4645DDF-A461-480E-B781-9B3D9AA82595}
	EndGlobalSection
EndGlobal
